
Microsoft Visual Studio Solution File, Format Version 12.00
# Visual Studio Version 17
VisualStudioVersion = 17.2.32602.215
MinimumVisualStudioVersion = 10.0.40219.1
Project("{FAE04EC0-301F-11D3-BF4B-00C04F79EFBC}") = "2022-0725", "2022-0725.csproj", "{0F238BE3-4935-44BD-AD43-577AF91AD0D3}"
EndProject
Global
	GlobalSection(SolutionConfigurationPlatforms) = preSolution
		Debug|Any CPU = Debug|Any CPU
		Release|Any CPU = Release|Any CPU
	EndGlobalSection
	GlobalSection(ProjectConfigurationPlatforms) = postSolution
		{0F238BE3-4935-44BD-AD43-577AF91AD0D3}.Debug|Any CPU.ActiveCfg = Debug|Any CPU
		{0F238BE3-4935-44BD-AD43-577AF91AD0D3}.Debug|Any CPU.Build.0 = Debug|Any CPU
		{0F238BE3-4935-44BD-AD43-577AF91AD0D3}.Release|Any CPU.ActiveCfg = Release|Any CPU
		{0F238BE3-4935-44BD-AD43-577AF91AD0D3}.Release|Any CPU.Build.0 = Release|Any CPU
	EndGlobalSection
	GlobalSection(SolutionProperties) = preSolution
		HideSolutionNode = FALSE
	EndGlobalSection
	GlobalSection(ExtensibilityGlobals) = postSolution
		SolutionGuid = {A849AAFF-1336-40A3-85F6-932A9EC60C56}
	EndGlobalSection
EndGlobal
